<Solution>
  <Project Path="../../src/Tlumach.Base/Tlumach.Base.csproj" />
  <Project Path="../../src/Tlumach.Extensions.Localization/Tlumach.Extensions.Localization.csproj" />
  <Project Path="../../src/Tlumach/Tlumach.csproj" />
  <Project Path="../Tlumach.Sample.Translation/Tlumach.Sample.Translation.csproj" />
  <Project Path="Tlumach.Sample.DependencyInjection.csproj" />
</Solution>
