
Microsoft Visual Studio Solution File, Format Version 12.00
# Visual Studio Version 17
VisualStudioVersion = 17.14.36623.8 d17.14
MinimumVisualStudioVersion = 10.0.40219.1
Project("{FAE04EC0-301F-11D3-BF4B-00C04F79EFBC}") = "Tlumach.Sample.WPF", "Tlumach.Sample.WPF.csproj", "{960E31EF-6AFD-446C-9CA6-E90E1CE15DDA}"
EndProject
Global
	GlobalSection(SolutionConfigurationPlatforms) = preSolution
		Debug|Any CPU = Debug|Any CPU
		Release|Any CPU = Release|Any CPU
	EndGlobalSection
	GlobalSection(ProjectConfigurationPlatforms) = postSolution
		{960E31EF-6AFD-446C-9CA6-E90E1CE15DDA}.Debug|Any CPU.ActiveCfg = Debug|Any CPU
		{960E31EF-6AFD-446C-9CA6-E90E1CE15DDA}.Debug|Any CPU.Build.0 = Debug|Any CPU
		{960E31EF-6AFD-446C-9CA6-E90E1CE15DDA}.Release|Any CPU.ActiveCfg = Release|Any CPU
		{960E31EF-6AFD-446C-9CA6-E90E1CE15DDA}.Release|Any CPU.Build.0 = Release|Any CPU
	EndGlobalSection
	GlobalSection(SolutionProperties) = preSolution
		HideSolutionNode = FALSE
	EndGlobalSection
	GlobalSection(ExtensibilityGlobals) = postSolution
		SolutionGuid = {A7A81801-F566-43D6-8FCC-DAB5E23613E9}
	EndGlobalSection
EndGlobal
