
Microsoft Visual Studio Solution File, Format Version 12.00
# Visual Studio Version 18
VisualStudioVersion = 18.0.11205.157
MinimumVisualStudioVersion = 10.0.40219.1
Project("{FAE04EC0-301F-11D3-BF4B-00C04F79EFBC}") = "Tlumach.Base", "Tlumach.Base\Tlumach.Base.csproj", "{C23F5B00-B433-413A-A8B1-5E04218CE810}"
EndProject
Project("{FAE04EC0-301F-11D3-BF4B-00C04F79EFBC}") = "Tlumach", "Tlumach\Tlumach.csproj", "{D28F89BE-2BCE-407E-94F6-3A24D9E8EA3D}"
EndProject
Project("{FAE04EC0-301F-11D3-BF4B-00C04F79EFBC}") = "Tlumach.Avalonia", "Tlumach.Avalonia\Tlumach.Avalonia.csproj", "{B84AD767-A2BB-4B14-95B4-A8DD6559830A}"
EndProject
Project("{FAE04EC0-301F-11D3-BF4B-00C04F79EFBC}") = "Tlumach.WPF", "Tlumach.WPF\Tlumach.WPF.csproj", "{C60C67A5-7074-0837-AD46-F5FA7E54DB88}"
EndProject
Project("{FAE04EC0-301F-11D3-BF4B-00C04F79EFBC}") = "Tlumach.MAUI", "Tlumach.MAUI\Tlumach.MAUI.csproj", "{2EE4D7B5-7633-F841-91B3-595D77574741}"
EndProject
Project("{FAE04EC0-301F-11D3-BF4B-00C04F79EFBC}") = "Tlumach.WinUI", "Tlumach.WinUI\Tlumach.WinUI.csproj", "{99EBF04B-9EA7-46EE-A641-C2CF434B5E15}"
EndProject
Project("{FAE04EC0-301F-11D3-BF4B-00C04F79EFBC}") = "Tlumach.UWP", "Tlumach.UWP\Tlumach.UWP.csproj", "{18CB1C58-3011-4472-91ED-6389779E4B49}"
EndProject
Project("{FAE04EC0-301F-11D3-BF4B-00C04F79EFBC}") = "Tlumach.Generator", "Tlumach.Generator\Tlumach.Generator.csproj", "{C91C25CE-D0D4-60FE-8234-18FC07CCB744}"
EndProject
Project("{FAE04EC0-301F-11D3-BF4B-00C04F79EFBC}") = "Tlumach.Extensions.Localization", "Tlumach.Extensions.Localization\Tlumach.Extensions.Localization.csproj", "{389B89DD-A671-4E0A-975B-BA6957A3AB58}"
EndProject
Global
	GlobalSection(SolutionConfigurationPlatforms) = preSolution
		Debug|Any CPU = Debug|Any CPU
		Release|Any CPU = Release|Any CPU
	EndGlobalSection
	GlobalSection(ProjectConfigurationPlatforms) = postSolution
		{C23F5B00-B433-413A-A8B1-5E04218CE810}.Debug|Any CPU.ActiveCfg = Debug|Any CPU
		{C23F5B00-B433-413A-A8B1-5E04218CE810}.Debug|Any CPU.Build.0 = Debug|Any CPU
		{C23F5B00-B433-413A-A8B1-5E04218CE810}.Release|Any CPU.ActiveCfg = Release|Any CPU
		{C23F5B00-B433-413A-A8B1-5E04218CE810}.Release|Any CPU.Build.0 = Release|Any CPU
		{D28F89BE-2BCE-407E-94F6-3A24D9E8EA3D}.Debug|Any CPU.ActiveCfg = Debug|Any CPU
		{D28F89BE-2BCE-407E-94F6-3A24D9E8EA3D}.Debug|Any CPU.Build.0 = Debug|Any CPU
		{D28F89BE-2BCE-407E-94F6-3A24D9E8EA3D}.Release|Any CPU.ActiveCfg = Release|Any CPU
		{D28F89BE-2BCE-407E-94F6-3A24D9E8EA3D}.Release|Any CPU.Build.0 = Release|Any CPU
		{B84AD767-A2BB-4B14-95B4-A8DD6559830A}.Debug|Any CPU.ActiveCfg = Debug|Any CPU
		{B84AD767-A2BB-4B14-95B4-A8DD6559830A}.Debug|Any CPU.Build.0 = Debug|Any CPU
		{B84AD767-A2BB-4B14-95B4-A8DD6559830A}.Release|Any CPU.ActiveCfg = Release|Any CPU
		{B84AD767-A2BB-4B14-95B4-A8DD6559830A}.Release|Any CPU.Build.0 = Release|Any CPU
		{C60C67A5-7074-0837-AD46-F5FA7E54DB88}.Debug|Any CPU.ActiveCfg = Debug|Any CPU
		{C60C67A5-7074-0837-AD46-F5FA7E54DB88}.Debug|Any CPU.Build.0 = Debug|Any CPU
		{C60C67A5-7074-0837-AD46-F5FA7E54DB88}.Release|Any CPU.ActiveCfg = Release|Any CPU
		{C60C67A5-7074-0837-AD46-F5FA7E54DB88}.Release|Any CPU.Build.0 = Release|Any CPU
		{2EE4D7B5-7633-F841-91B3-595D77574741}.Debug|Any CPU.ActiveCfg = Debug|Any CPU
		{2EE4D7B5-7633-F841-91B3-595D77574741}.Debug|Any CPU.Build.0 = Debug|Any CPU
		{2EE4D7B5-7633-F841-91B3-595D77574741}.Release|Any CPU.ActiveCfg = Release|Any CPU
		{2EE4D7B5-7633-F841-91B3-595D77574741}.Release|Any CPU.Build.0 = Release|Any CPU
		{99EBF04B-9EA7-46EE-A641-C2CF434B5E15}.Debug|Any CPU.ActiveCfg = Debug|Any CPU
		{99EBF04B-9EA7-46EE-A641-C2CF434B5E15}.Debug|Any CPU.Build.0 = Debug|Any CPU
		{99EBF04B-9EA7-46EE-A641-C2CF434B5E15}.Release|Any CPU.ActiveCfg = Release|Any CPU
		{99EBF04B-9EA7-46EE-A641-C2CF434B5E15}.Release|Any CPU.Build.0 = Release|Any CPU
		{18CB1C58-3011-4472-91ED-6389779E4B49}.Debug|Any CPU.ActiveCfg = Debug|Any CPU
		{18CB1C58-3011-4472-91ED-6389779E4B49}.Debug|Any CPU.Build.0 = Debug|Any CPU
		{18CB1C58-3011-4472-91ED-6389779E4B49}.Release|Any CPU.ActiveCfg = Release|Any CPU
		{18CB1C58-3011-4472-91ED-6389779E4B49}.Release|Any CPU.Build.0 = Release|Any CPU
		{C91C25CE-D0D4-60FE-8234-18FC07CCB744}.Debug|Any CPU.ActiveCfg = Debug|Any CPU
		{C91C25CE-D0D4-60FE-8234-18FC07CCB744}.Debug|Any CPU.Build.0 = Debug|Any CPU
		{C91C25CE-D0D4-60FE-8234-18FC07CCB744}.Release|Any CPU.ActiveCfg = Release|Any CPU
		{C91C25CE-D0D4-60FE-8234-18FC07CCB744}.Release|Any CPU.Build.0 = Release|Any CPU
		{389B89DD-A671-4E0A-975B-BA6957A3AB58}.Debug|Any CPU.ActiveCfg = Debug|Any CPU
		{389B89DD-A671-4E0A-975B-BA6957A3AB58}.Debug|Any CPU.Build.0 = Debug|Any CPU
		{389B89DD-A671-4E0A-975B-BA6957A3AB58}.Release|Any CPU.ActiveCfg = Release|Any CPU
		{389B89DD-A671-4E0A-975B-BA6957A3AB58}.Release|Any CPU.Build.0 = Release|Any CPU
	EndGlobalSection
	GlobalSection(SolutionProperties) = preSolution
		HideSolutionNode = FALSE
	EndGlobalSection
	GlobalSection(ExtensibilityGlobals) = postSolution
		SolutionGuid = {AA3A6558-7AE2-4AFF-9F86-62D942CBFF87}
	EndGlobalSection
EndGlobal
